
Microsoft Visual Studio Solution File, Format Version 12.00
# Visual Studio Version 16
VisualStudioVersion = 16.0.29806.167
MinimumVisualStudioVersion = 10.0.40219.1
Project("{FAE04EC0-301F-11D3-BF4B-00C04F79EFBC}") = "PrismSportApp.UWP", "PrismSportApp\PrismSportApp.UWP\PrismSportApp.UWP.csproj", "{90A57994-4EAD-4C3D-AE65-2B08833AC0B4}"
EndProject
Project("{FAE04EC0-301F-11D3-BF4B-00C04F79EFBC}") = "PrismSportApp.Android", "PrismSportApp\PrismSportApp.Android\PrismSportApp.Android.csproj", "{B4D0D7B4-4C72-4B24-B703-D55E06ED047F}"
EndProject
Project("{FAE04EC0-301F-11D3-BF4B-00C04F79EFBC}") = "PrismSportApp.iOS", "PrismSportApp\PrismSportApp.iOS\PrismSportApp.iOS.csproj", "{F892A72D-DBD4-4D77-A821-9CA3D75A1746}"
EndProject
Project("{FAE04EC0-301F-11D3-BF4B-00C04F79EFBC}") = "PrismSportApp", "PrismSportApp\PrismSportApp\PrismSportApp.csproj", "{E657C473-4EB4-4647-B392-A290D070C833}"
EndProject
Global
	GlobalSection(SolutionConfigurationPlatforms) = preSolution
		Debug|Any CPU = Debug|Any CPU
		Debug|ARM = Debug|ARM
		Debug|iPhone = Debug|iPhone
		Debug|iPhoneSimulator = Debug|iPhoneSimulator
		Debug|x64 = Debug|x64
		Debug|x86 = Debug|x86
		Release|Any CPU = Release|Any CPU
		Release|ARM = Release|ARM
		Release|iPhone = Release|iPhone
		Release|iPhoneSimulator = Release|iPhoneSimulator
		Release|x64 = Release|x64
		Release|x86 = Release|x86
	EndGlobalSection
	GlobalSection(ProjectConfigurationPlatforms) = postSolution
		{90A57994-4EAD-4C3D-AE65-2B08833AC0B4}.Debug|Any CPU.ActiveCfg = Debug|x86
		{90A57994-4EAD-4C3D-AE65-2B08833AC0B4}.Debug|Any CPU.Build.0 = Debug|x86
		{90A57994-4EAD-4C3D-AE65-2B08833AC0B4}.Debug|Any CPU.Deploy.0 = Debug|x86
		{90A57994-4EAD-4C3D-AE65-2B08833AC0B4}.Debug|ARM.ActiveCfg = Debug|ARM
		{90A57994-4EAD-4C3D-AE65-2B08833AC0B4}.Debug|ARM.Build.0 = Debug|ARM
		{90A57994-4EAD-4C3D-AE65-2B08833AC0B4}.Debug|ARM.Deploy.0 = Debug|ARM
		{90A57994-4EAD-4C3D-AE65-2B08833AC0B4}.Debug|iPhone.ActiveCfg = Debug|x86
		{90A57994-4EAD-4C3D-AE65-2B08833AC0B4}.Debug|iPhone.Build.0 = Debug|x86
		{90A57994-4EAD-4C3D-AE65-2B08833AC0B4}.Debug|iPhone.Deploy.0 = Debug|x86
		{90A57994-4EAD-4C3D-AE65-2B08833AC0B4}.Debug|iPhoneSimulator.ActiveCfg = Debug|x86
		{90A57994-4EAD-4C3D-AE65-2B08833AC0B4}.Debug|iPhoneSimulator.Build.0 = Debug|x86
		{90A57994-4EAD-4C3D-AE65-2B08833AC0B4}.Debug|iPhoneSimulator.Deploy.0 = Debug|x86
		{90A57994-4EAD-4C3D-AE65-2B08833AC0B4}.Debug|x64.ActiveCfg = Debug|x64
		{90A57994-4EAD-4C3D-AE65-2B08833AC0B4}.Debug|x64.Build.0 = Debug|x64
		{90A57994-4EAD-4C3D-AE65-2B08833AC0B4}.Debug|x64.Deploy.0 = Debug|x64
		{90A57994-4EAD-4C3D-AE65-2B08833AC0B4}.Debug|x86.ActiveCfg = Debug|x86
		{90A57994-4EAD-4C3D-AE65-2B08833AC0B4}.Debug|x86.Build.0 = Debug|x86
		{90A57994-4EAD-4C3D-AE65-2B08833AC0B4}.Debug|x86.Deploy.0 = Debug|x86
		{90A57994-4EAD-4C3D-AE65-2B08833AC0B4}.Release|Any CPU.ActiveCfg = Release|x86
		{90A57994-4EAD-4C3D-AE65-2B08833AC0B4}.Release|Any CPU.Build.0 = Release|x86
		{90A57994-4EAD-4C3D-AE65-2B08833AC0B4}.Release|Any CPU.Deploy.0 = Release|x86
		{90A57994-4EAD-4C3D-AE65-2B08833AC0B4}.Release|ARM.ActiveCfg = Release|ARM
		{90A57994-4EAD-4C3D-AE65-2B08833AC0B4}.Release|ARM.Build.0 = Release|ARM
		{90A57994-4EAD-4C3D-AE65-2B08833AC0B4}.Release|ARM.Deploy.0 = Release|ARM
		{90A57994-4EAD-4C3D-AE65-2B08833AC0B4}.Release|iPhone.ActiveCfg = Release|x86
		{90A57994-4EAD-4C3D-AE65-2B08833AC0B4}.Release|iPhone.Build.0 = Release|x86
		{90A57994-4EAD-4C3D-AE65-2B08833AC0B4}.Release|iPhone.Deploy.0 = Release|x86
		{90A57994-4EAD-4C3D-AE65-2B08833AC0B4}.Release|iPhoneSimulator.ActiveCfg = Release|x86
		{90A57994-4EAD-4C3D-AE65-2B08833AC0B4}.Release|iPhoneSimulator.Build.0 = Release|x86
		{90A57994-4EAD-4C3D-AE65-2B08833AC0B4}.Release|iPhoneSimulator.Deploy.0 = Release|x86
		{90A57994-4EAD-4C3D-AE65-2B08833AC0B4}.Release|x64.ActiveCfg = Release|x64
		{90A57994-4EAD-4C3D-AE65-2B08833AC0B4}.Release|x64.Build.0 = Release|x64
		{90A57994-4EAD-4C3D-AE65-2B08833AC0B4}.Release|x64.Deploy.0 = Release|x64
		{90A57994-4EAD-4C3D-AE65-2B08833AC0B4}.Release|x86.ActiveCfg = Release|x86
		{90A57994-4EAD-4C3D-AE65-2B08833AC0B4}.Release|x86.Build.0 = Release|x86
		{90A57994-4EAD-4C3D-AE65-2B08833AC0B4}.Release|x86.Deploy.0 = Release|x86
		{B4D0D7B4-4C72-4B24-B703-D55E06ED047F}.Debug|Any CPU.ActiveCfg = Debug|Any CPU
		{B4D0D7B4-4C72-4B24-B703-D55E06ED047F}.Debug|Any CPU.Build.0 = Debug|Any CPU
		{B4D0D7B4-4C72-4B24-B703-D55E06ED047F}.Debug|Any CPU.Deploy.0 = Debug|Any CPU
		{B4D0D7B4-4C72-4B24-B703-D55E06ED047F}.Debug|ARM.ActiveCfg = Debug|Any CPU
		{B4D0D7B4-4C72-4B24-B703-D55E06ED047F}.Debug|ARM.Build.0 = Debug|Any CPU
		{B4D0D7B4-4C72-4B24-B703-D55E06ED047F}.Debug|ARM.Deploy.0 = Debug|Any CPU
		{B4D0D7B4-4C72-4B24-B703-D55E06ED047F}.Debug|iPhone.ActiveCfg = Debug|Any CPU
		{B4D0D7B4-4C72-4B24-B703-D55E06ED047F}.Debug|iPhone.Build.0 = Debug|Any CPU
		{B4D0D7B4-4C72-4B24-B703-D55E06ED047F}.Debug|iPhone.Deploy.0 = Debug|Any CPU
		{B4D0D7B4-4C72-4B24-B703-D55E06ED047F}.Debug|iPhoneSimulator.ActiveCfg = Debug|Any CPU
		{B4D0D7B4-4C72-4B24-B703-D55E06ED047F}.Debug|iPhoneSimulator.Build.0 = Debug|Any CPU
		{B4D0D7B4-4C72-4B24-B703-D55E06ED047F}.Debug|iPhoneSimulator.Deploy.0 = Debug|Any CPU
		{B4D0D7B4-4C72-4B24-B703-D55E06ED047F}.Debug|x64.ActiveCfg = Debug|Any CPU
		{B4D0D7B4-4C72-4B24-B703-D55E06ED047F}.Debug|x64.Build.0 = Debug|Any CPU
		{B4D0D7B4-4C72-4B24-B703-D55E06ED047F}.Debug|x64.Deploy.0 = Debug|Any CPU
		{B4D0D7B4-4C72-4B24-B703-D55E06ED047F}.Debug|x86.ActiveCfg = Debug|Any CPU
		{B4D0D7B4-4C72-4B24-B703-D55E06ED047F}.Debug|x86.Build.0 = Debug|Any CPU
		{B4D0D7B4-4C72-4B24-B703-D55E06ED047F}.Debug|x86.Deploy.0 = Debug|Any CPU
		{B4D0D7B4-4C72-4B24-B703-D55E06ED047F}.Release|Any CPU.ActiveCfg = Release|Any CPU
		{B4D0D7B4-4C72-4B24-B703-D55E06ED047F}.Release|Any CPU.Build.0 = Release|Any CPU
		{B4D0D7B4-4C72-4B24-B703-D55E06ED047F}.Release|Any CPU.Deploy.0 = Release|Any CPU
		{B4D0D7B4-4C72-4B24-B703-D55E06ED047F}.Release|ARM.ActiveCfg = Release|Any CPU
		{B4D0D7B4-4C72-4B24-B703-D55E06ED047F}.Release|ARM.Build.0 = Release|Any CPU
		{B4D0D7B4-4C72-4B24-B703-D55E06ED047F}.Release|ARM.Deploy.0 = Release|Any CPU
		{B4D0D7B4-4C72-4B24-B703-D55E06ED047F}.Release|iPhone.ActiveCfg = Release|Any CPU
		{B4D0D7B4-4C72-4B24-B703-D55E06ED047F}.Release|iPhone.Build.0 = Release|Any CPU
		{B4D0D7B4-4C72-4B24-B703-D55E06ED047F}.Release|iPhone.Deploy.0 = Release|Any CPU
		{B4D0D7B4-4C72-4B24-B703-D55E06ED047F}.Release|iPhoneSimulator.ActiveCfg = Release|Any CPU
		{B4D0D7B4-4C72-4B24-B703-D55E06ED047F}.Release|iPhoneSimulator.Build.0 = Release|Any CPU
		{B4D0D7B4-4C72-4B24-B703-D55E06ED047F}.Release|iPhoneSimulator.Deploy.0 = Release|Any CPU
		{B4D0D7B4-4C72-4B24-B703-D55E06ED047F}.Release|x64.ActiveCfg = Release|Any CPU
		{B4D0D7B4-4C72-4B24-B703-D55E06ED047F}.Release|x64.Build.0 = Release|Any CPU
		{B4D0D7B4-4C72-4B24-B703-D55E06ED047F}.Release|x64.Deploy.0 = Release|Any CPU
		{B4D0D7B4-4C72-4B24-B703-D55E06ED047F}.Release|x86.ActiveCfg = Release|Any CPU
		{B4D0D7B4-4C72-4B24-B703-D55E06ED047F}.Release|x86.Build.0 = Release|Any CPU
		{B4D0D7B4-4C72-4B24-B703-D55E06ED047F}.Release|x86.Deploy.0 = Release|Any CPU
		{F892A72D-DBD4-4D77-A821-9CA3D75A1746}.Debug|Any CPU.ActiveCfg = Debug|iPhone
		{F892A72D-DBD4-4D77-A821-9CA3D75A1746}.Debug|Any CPU.Build.0 = Debug|iPhone
		{F892A72D-DBD4-4D77-A821-9CA3D75A1746}.Debug|Any CPU.Deploy.0 = Debug|iPhone
		{F892A72D-DBD4-4D77-A821-9CA3D75A1746}.Debug|ARM.ActiveCfg = Debug|iPhoneSimulator
		{F892A72D-DBD4-4D77-A821-9CA3D75A1746}.Debug|ARM.Build.0 = Debug|iPhoneSimulator
		{F892A72D-DBD4-4D77-A821-9CA3D75A1746}.Debug|ARM.Deploy.0 = Debug|iPhoneSimulator
		{F892A72D-DBD4-4D77-A821-9CA3D75A1746}.Debug|iPhone.ActiveCfg = Debug|iPhone
		{F892A72D-DBD4-4D77-A821-9CA3D75A1746}.Debug|iPhone.Build.0 = Debug|iPhone
		{F892A72D-DBD4-4D77-A821-9CA3D75A1746}.Debug|iPhone.Deploy.0 = Debug|iPhone
		{F892A72D-DBD4-4D77-A821-9CA3D75A1746}.Debug|iPhoneSimulator.ActiveCfg = Debug|iPhoneSimulator
		{F892A72D-DBD4-4D77-A821-9CA3D75A1746}.Debug|iPhoneSimulator.Build.0 = Debug|iPhoneSimulator
		{F892A72D-DBD4-4D77-A821-9CA3D75A1746}.Debug|iPhoneSimulator.Deploy.0 = Debug|iPhoneSimulator
		{F892A72D-DBD4-4D77-A821-9CA3D75A1746}.Debug|x64.ActiveCfg = Debug|iPhone
		{F892A72D-DBD4-4D77-A821-9CA3D75A1746}.Debug|x64.Build.0 = Debug|iPhone
		{F892A72D-DBD4-4D77-A821-9CA3D75A1746}.Debug|x64.Deploy.0 = Debug|iPhone
		{F892A72D-DBD4-4D77-A821-9CA3D75A1746}.Debug|x86.ActiveCfg = Debug|iPhone
		{F892A72D-DBD4-4D77-A821-9CA3D75A1746}.Debug|x86.Build.0 = Debug|iPhone
		{F892A72D-DBD4-4D77-A821-9CA3D75A1746}.Debug|x86.Deploy.0 = Debug|iPhone
		{F892A72D-DBD4-4D77-A821-9CA3D75A1746}.Release|Any CPU.ActiveCfg = Release|iPhone
		{F892A72D-DBD4-4D77-A821-9CA3D75A1746}.Release|Any CPU.Build.0 = Release|iPhone
		{F892A72D-DBD4-4D77-A821-9CA3D75A1746}.Release|Any CPU.Deploy.0 = Release|iPhone
		{F892A72D-DBD4-4D77-A821-9CA3D75A1746}.Release|ARM.ActiveCfg = Release|iPhone
		{F892A72D-DBD4-4D77-A821-9CA3D75A1746}.Release|ARM.Build.0 = Release|iPhone
		{F892A72D-DBD4-4D77-A821-9CA3D75A1746}.Release|ARM.Deploy.0 = Release|iPhone
		{F892A72D-DBD4-4D77-A821-9CA3D75A1746}.Release|iPhone.ActiveCfg = Release|iPhone
		{F892A72D-DBD4-4D77-A821-9CA3D75A1746}.Release|iPhone.Build.0 = Release|iPhone
		{F892A72D-DBD4-4D77-A821-9CA3D75A1746}.Release|iPhone.Deploy.0 = Release|iPhone
		{F892A72D-DBD4-4D77-A821-9CA3D75A1746}.Release|iPhoneSimulator.ActiveCfg = Release|iPhoneSimulator
		{F892A72D-DBD4-4D77-A821-9CA3D75A1746}.Release|iPhoneSimulator.Build.0 = Release|iPhoneSimulator
		{F892A72D-DBD4-4D77-A821-9CA3D75A1746}.Release|iPhoneSimulator.Deploy.0 = Release|iPhoneSimulator
		{F892A72D-DBD4-4D77-A821-9CA3D75A1746}.Release|x64.ActiveCfg = Release|iPhone
		{F892A72D-DBD4-4D77-A821-9CA3D75A1746}.Release|x64.Build.0 = Release|iPhone
		{F892A72D-DBD4-4D77-A821-9CA3D75A1746}.Release|x64.Deploy.0 = Release|iPhone
		{F892A72D-DBD4-4D77-A821-9CA3D75A1746}.Release|x86.ActiveCfg = Release|iPhone
		{F892A72D-DBD4-4D77-A821-9CA3D75A1746}.Release|x86.Build.0 = Release|iPhone
		{F892A72D-DBD4-4D77-A821-9CA3D75A1746}.Release|x86.Deploy.0 = Release|iPhone
		{E657C473-4EB4-4647-B392-A290D070C833}.Debug|Any CPU.ActiveCfg = Debug|Any CPU
		{E657C473-4EB4-4647-B392-A290D070C833}.Debug|Any CPU.Build.0 = Debug|Any CPU
		{E657C473-4EB4-4647-B392-A290D070C833}.Debug|Any CPU.Deploy.0 = Debug|Any CPU
		{E657C473-4EB4-4647-B392-A290D070C833}.Debug|ARM.ActiveCfg = Debug|Any CPU
		{E657C473-4EB4-4647-B392-A290D070C833}.Debug|ARM.Build.0 = Debug|Any CPU
		{E657C473-4EB4-4647-B392-A290D070C833}.Debug|ARM.Deploy.0 = Debug|Any CPU
		{E657C473-4EB4-4647-B392-A290D070C833}.Debug|iPhone.ActiveCfg = Debug|Any CPU
		{E657C473-4EB4-4647-B392-A290D070C833}.Debug|iPhone.Build.0 = Debug|Any CPU
		{E657C473-4EB4-4647-B392-A290D070C833}.Debug|iPhone.Deploy.0 = Debug|Any CPU
		{E657C473-4EB4-4647-B392-A290D070C833}.Debug|iPhoneSimulator.ActiveCfg = Debug|Any CPU
		{E657C473-4EB4-4647-B392-A290D070C833}.Debug|iPhoneSimulator.Build.0 = Debug|Any CPU
		{E657C473-4EB4-4647-B392-A290D070C833}.Debug|iPhoneSimulator.Deploy.0 = Debug|Any CPU
		{E657C473-4EB4-4647-B392-A290D070C833}.Debug|x64.ActiveCfg = Debug|Any CPU
		{E657C473-4EB4-4647-B392-A290D070C833}.Debug|x64.Build.0 = Debug|Any CPU
		{E657C473-4EB4-4647-B392-A290D070C833}.Debug|x64.Deploy.0 = Debug|Any CPU
		{E657C473-4EB4-4647-B392-A290D070C833}.Debug|x86.ActiveCfg = Debug|Any CPU
		{E657C473-4EB4-4647-B392-A290D070C833}.Debug|x86.Build.0 = Debug|Any CPU
		{E657C473-4EB4-4647-B392-A290D070C833}.Debug|x86.Deploy.0 = Debug|Any CPU
		{E657C473-4EB4-4647-B392-A290D070C833}.Release|Any CPU.ActiveCfg = Release|Any CPU
		{E657C473-4EB4-4647-B392-A290D070C833}.Release|Any CPU.Build.0 = Release|Any CPU
		{E657C473-4EB4-4647-B392-A290D070C833}.Release|Any CPU.Deploy.0 = Release|Any CPU
		{E657C473-4EB4-4647-B392-A290D070C833}.Release|ARM.ActiveCfg = Release|Any CPU
		{E657C473-4EB4-4647-B392-A290D070C833}.Release|ARM.Build.0 = Release|Any CPU
		{E657C473-4EB4-4647-B392-A290D070C833}.Release|ARM.Deploy.0 = Release|Any CPU
		{E657C473-4EB4-4647-B392-A290D070C833}.Release|iPhone.ActiveCfg = Release|Any CPU
		{E657C473-4EB4-4647-B392-A290D070C833}.Release|iPhone.Build.0 = Release|Any CPU
		{E657C473-4EB4-4647-B392-A290D070C833}.Release|iPhone.Deploy.0 = Release|Any CPU
		{E657C473-4EB4-4647-B392-A290D070C833}.Release|iPhoneSimulator.ActiveCfg = Release|Any CPU
		{E657C473-4EB4-4647-B392-A290D070C833}.Release|iPhoneSimulator.Build.0 = Release|Any CPU
		{E657C473-4EB4-4647-B392-A290D070C833}.Release|iPhoneSimulator.Deploy.0 = Release|Any CPU
		{E657C473-4EB4-4647-B392-A290D070C833}.Release|x64.ActiveCfg = Release|Any CPU
		{E657C473-4EB4-4647-B392-A290D070C833}.Release|x64.Build.0 = Release|Any CPU
		{E657C473-4EB4-4647-B392-A290D070C833}.Release|x64.Deploy.0 = Release|Any CPU
		{E657C473-4EB4-4647-B392-A290D070C833}.Release|x86.ActiveCfg = Release|Any CPU
		{E657C473-4EB4-4647-B392-A290D070C833}.Release|x86.Build.0 = Release|Any CPU
		{E657C473-4EB4-4647-B392-A290D070C833}.Release|x86.Deploy.0 = Release|Any CPU
	EndGlobalSection
	GlobalSection(SolutionProperties) = preSolution
		HideSolutionNode = FALSE
	EndGlobalSection
	GlobalSection(ExtensibilityGlobals) = postSolution
		SolutionGuid = {FCB8337A-019D-4968-948E-D8D9DC97D426}
	EndGlobalSection
EndGlobal
